// !$*UTF8*$!
{
	archiveVersion = 1;
	classes = {
	};
	objectVersion = 46;
	objects = {

/* Begin PBXBuildFile section */
		9B58517C1D1688CA00FA339B /* algo_core.mm in Sources */ = {isa = PBXBuildFile; fileRef = 9B58517B1D1688CA00FA339B /* algo_core.mm */; };
		F93C92061CDB5B84001BAF04 /* libjpeg.a in Frameworks */ = {isa = PBXBuildFile; fileRef = F93C92051CDB5B84001BAF04 /* libjpeg.a */; };
		F93C92081CDB61A8001BAF04 /* AssetsLibrary.framework in Frameworks */ = {isa = PBXBuildFile; fileRef = F93C92071CDB61A8001BAF04 /* AssetsLibrary.framework */; };
		F96970351CDB1FDE002DB829 /* main.m in Sources */ = {isa = PBXBuildFile; fileRef = F96970341CDB1FDE002DB829 /* main.m */; };
		F96970381CDB1FDE002DB829 /* AppDelegate.m in Sources */ = {isa = PBXBuildFile; fileRef = F96970371CDB1FDE002DB829 /* AppDelegate.m */; };
		F969703B1CDB1FDE002DB829 /* ViewController.mm in Sources */ = {isa = PBXBuildFile; fileRef = F969703A1CDB1FDE002DB829 /* ViewController.mm */; };
		F969703E1CDB1FDE002DB829 /* Main.storyboard in Resources */ = {isa = PBXBuildFile; fileRef = F969703C1CDB1FDE002DB829 /* Main.storyboard */; };
		F96970401CDB1FDE002DB829 /* Assets.xcassets in Resources */ = {isa = PBXBuildFile; fileRef = F969703F1CDB1FDE002DB829 /* Assets.xcassets */; };
		F96970431CDB1FDE002DB829 /* LaunchScreen.storyboard in Resources */ = {isa = PBXBuildFile; fileRef = F96970411CDB1FDE002DB829 /* LaunchScreen.storyboard */; };
		F96970571CDB2B27002DB829 /* 初始页.jpg in Resources */ = {isa = PBXBuildFile; fileRef = F969704A1CDB2B27002DB829 /* 初始页.jpg */; };
		F96970581CDB2B27002DB829 /* 关于.png in Resources */ = {isa = PBXBuildFile; fileRef = F969704B1CDB2B27002DB829 /* 关于.png */; };
		F96970591CDB2B27002DB829 /* 加号.png in Resources */ = {isa = PBXBuildFile; fileRef = F969704C1CDB2B27002DB829 /* 加号.png */; };
		F969705A1CDB2B27002DB829 /* 减号.png in Resources */ = {isa = PBXBuildFile; fileRef = F969704D1CDB2B27002DB829 /* 减号.png */; };
		F969705B1CDB2B27002DB829 /* 拉条1.png in Resources */ = {isa = PBXBuildFile; fileRef = F969704E1CDB2B27002DB829 /* 拉条1.png */; };
		F969705C1CDB2B27002DB829 /* 拉条2.png in Resources */ = {isa = PBXBuildFile; fileRef = F969704F1CDB2B27002DB829 /* 拉条2.png */; };
		F969705D1CDB2B27002DB829 /* 扭1选中.png in Resources */ = {isa = PBXBuildFile; fileRef = F96970501CDB2B27002DB829 /* 扭1选中.png */; };
		F969705E1CDB2B27002DB829 /* 扭2选中.png in Resources */ = {isa = PBXBuildFile; fileRef = F96970511CDB2B27002DB829 /* 扭2选中.png */; };
		F969705F1CDB2B27002DB829 /* 扭3选中.png in Resources */ = {isa = PBXBuildFile; fileRef = F96970521CDB2B27002DB829 /* 扭3选中.png */; };
		F96970601CDB2B27002DB829 /* 扭4选中.png in Resources */ = {isa = PBXBuildFile; fileRef = F96970531CDB2B27002DB829 /* 扭4选中.png */; };
		F96970611CDB2B27002DB829 /* 添加图标2.png in Resources */ = {isa = PBXBuildFile; fileRef = F96970541CDB2B27002DB829 /* 添加图标2.png */; };
		F96970621CDB2B27002DB829 /* 添加页面2.png in Resources */ = {isa = PBXBuildFile; fileRef = F96970551CDB2B27002DB829 /* 添加页面2.png */; };
		F96970631CDB2B27002DB829 /* 选择图片.png in Resources */ = {isa = PBXBuildFile; fileRef = F96970561CDB2B27002DB829 /* 选择图片.png */; };
		F96970671CDB2B50002DB829 /* redo.png in Resources */ = {isa = PBXBuildFile; fileRef = F96970641CDB2B50002DB829 /* redo.png */; };
		F96970681CDB2B50002DB829 /* save.png in Resources */ = {isa = PBXBuildFile; fileRef = F96970651CDB2B50002DB829 /* save.png */; };
		F96970691CDB2B50002DB829 /* undo.png in Resources */ = {isa = PBXBuildFile; fileRef = F96970661CDB2B50002DB829 /* undo.png */; };
		F969706B1CDB2B5D002DB829 /* cancel.png in Resources */ = {isa = PBXBuildFile; fileRef = F969706A1CDB2B5D002DB829 /* cancel.png */; };
		F969706D1CDB2B69002DB829 /* GreenBackground.png in Resources */ = {isa = PBXBuildFile; fileRef = F969706C1CDB2B69002DB829 /* GreenBackground.png */; };
		F969709A1CDB3866002DB829 /* opencv2.framework in Frameworks */ = {isa = PBXBuildFile; fileRef = F96970991CDB3866002DB829 /* opencv2.framework */; };
		F96970A01CDB38EA002DB829 /* ASValuePopUpView.m in Sources */ = {isa = PBXBuildFile; fileRef = F969709D1CDB38EA002DB829 /* ASValuePopUpView.m */; };
		F96970A11CDB38EA002DB829 /* ASValueTrackingSlider.m in Sources */ = {isa = PBXBuildFile; fileRef = F969709F1CDB38EA002DB829 /* ASValueTrackingSlider.m */; };
		F96970AD1CDB3A81002DB829 /* PopoverViewController.m in Sources */ = {isa = PBXBuildFile; fileRef = F96970AC1CDB3A81002DB829 /* PopoverViewController.m */; };
		F96970B21CDB3A97002DB829 /* ChooseButtonsPanel.m in Sources */ = {isa = PBXBuildFile; fileRef = F96970AF1CDB3A97002DB829 /* ChooseButtonsPanel.m */; };
		F96970B31CDB3A97002DB829 /* FunctionTableBar.m in Sources */ = {isa = PBXBuildFile; fileRef = F96970B11CDB3A97002DB829 /* FunctionTableBar.m */; };
		F96970D71CDB4D70002DB829 /* ShareSDK.framework in Frameworks */ = {isa = PBXBuildFile; fileRef = F96970B51CDB4D6F002DB829 /* ShareSDK.framework */; };
		F96970D81CDB4D70002DB829 /* ShareSDKExtension.framework in Frameworks */ = {isa = PBXBuildFile; fileRef = F96970B81CDB4D6F002DB829 /* ShareSDKExtension.framework */; };
		F96970D91CDB4D70002DB829 /* ShareSDKUI.bundle in Resources */ = {isa = PBXBuildFile; fileRef = F96970B91CDB4D6F002DB829 /* ShareSDKUI.bundle */; };
		F96970DA1CDB4D70002DB829 /* ShareSDKUI.framework in Frameworks */ = {isa = PBXBuildFile; fileRef = F96970BA1CDB4D70002DB829 /* ShareSDKUI.framework */; };
		F96970DB1CDB4D70002DB829 /* TencentOpenAPI.framework in Frameworks */ = {isa = PBXBuildFile; fileRef = F96970BD1CDB4D70002DB829 /* TencentOpenAPI.framework */; };
		F96970DC1CDB4D70002DB829 /* TencentOpenApi_IOS_Bundle.bundle in Resources */ = {isa = PBXBuildFile; fileRef = F96970BE1CDB4D70002DB829 /* TencentOpenApi_IOS_Bundle.bundle */; };
		F96970DD1CDB4D70002DB829 /* libWeiboSDK.a in Frameworks */ = {isa = PBXBuildFile; fileRef = F96970C01CDB4D70002DB829 /* libWeiboSDK.a */; };
		F96970DE1CDB4D70002DB829 /* WeiboSDK.bundle in Resources */ = {isa = PBXBuildFile; fileRef = F96970CA1CDB4D70002DB829 /* WeiboSDK.bundle */; };
		F96970DF1CDB4D70002DB829 /* libWeChatSDK.a in Frameworks */ = {isa = PBXBuildFile; fileRef = F96970CE1CDB4D70002DB829 /* libWeChatSDK.a */; };
		F96970E01CDB4D70002DB829 /* read_me.txt in Resources */ = {isa = PBXBuildFile; fileRef = F96970CF1CDB4D70002DB829 /* read_me.txt */; };
		F96970E11CDB4D70002DB829 /* MOBFoundation.framework in Frameworks */ = {isa = PBXBuildFile; fileRef = F96970D41CDB4D70002DB829 /* MOBFoundation.framework */; };
		F96970E21CDB4D70002DB829 /* ShareSDK.bundle in Resources */ = {isa = PBXBuildFile; fileRef = F96970D51CDB4D70002DB829 /* ShareSDK.bundle */; };
		F96970E31CDB4D70002DB829 /* ShareSDKConnector.framework in Frameworks */ = {isa = PBXBuildFile; fileRef = F96970D61CDB4D70002DB829 /* ShareSDKConnector.framework */; };
		F96970E51CDB4E21002DB829 /* libicucore.tbd in Frameworks */ = {isa = PBXBuildFile; fileRef = F96970E41CDB4E21002DB829 /* libicucore.tbd */; };
		F96970E71CDB4E31002DB829 /* libz.tbd in Frameworks */ = {isa = PBXBuildFile; fileRef = F96970E61CDB4E31002DB829 /* libz.tbd */; };
		F96970E91CDB4E40002DB829 /* libstdc++.tbd in Frameworks */ = {isa = PBXBuildFile; fileRef = F96970E81CDB4E40002DB829 /* libstdc++.tbd */; };
		F96970EB1CDB4E52002DB829 /* JavaScriptCore.framework in Frameworks */ = {isa = PBXBuildFile; fileRef = F96970EA1CDB4E52002DB829 /* JavaScriptCore.framework */; };
		F96970ED1CDB4E7D002DB829 /* libsqlite3.tbd in Frameworks */ = {isa = PBXBuildFile; fileRef = F96970EC1CDB4E7D002DB829 /* libsqlite3.tbd */; };
		F96970EF1CDB4EAA002DB829 /* ImageIO.framework in Frameworks */ = {isa = PBXBuildFile; fileRef = F96970EE1CDB4EAA002DB829 /* ImageIO.framework */; };
		F96970F11CDB4EC0002DB829 /* MessageUI.framework in Frameworks */ = {isa = PBXBuildFile; fileRef = F96970F01CDB4EC0002DB829 /* MessageUI.framework */; };
/* End PBXBuildFile section */

/* Begin PBXFileReference section */
		9B58517B1D1688CA00FA339B /* algo_core.mm */ = {isa = PBXFileReference; fileEncoding = 4; lastKnownFileType = sourcecode.cpp.objcpp; path = algo_core.mm; sourceTree = "<group>"; };
		9B8D3C291D1FE5B1005EDBB9 /* algo_core.h */ = {isa = PBXFileReference; lastKnownFileType = sourcecode.c.h; path = algo_core.h; sourceTree = "<group>"; };
		F93C92051CDB5B84001BAF04 /* libjpeg.a */ = {isa = PBXFileReference; lastKnownFileType = archive.ar; path = libjpeg.a; sourceTree = "<group>"; };
		F93C92071CDB61A8001BAF04 /* AssetsLibrary.framework */ = {isa = PBXFileReference; lastKnownFileType = wrapper.framework; name = AssetsLibrary.framework; path = System/Library/Frameworks/AssetsLibrary.framework; sourceTree = SDKROOT; };
		F96970301CDB1FDE002DB829 /* OneColor.app */ = {isa = PBXFileReference; explicitFileType = wrapper.application; includeInIndex = 0; path = OneColor.app; sourceTree = BUILT_PRODUCTS_DIR; };
		F96970341CDB1FDE002DB829 /* main.m */ = {isa = PBXFileReference; lastKnownFileType = sourcecode.c.objc; path = main.m; sourceTree = "<group>"; };
		F96970361CDB1FDE002DB829 /* AppDelegate.h */ = {isa = PBXFileReference; lastKnownFileType = sourcecode.c.h; path = AppDelegate.h; sourceTree = "<group>"; };
		F96970371CDB1FDE002DB829 /* AppDelegate.m */ = {isa = PBXFileReference; lastKnownFileType = sourcecode.c.objc; path = AppDelegate.m; sourceTree = "<group>"; };
		F96970391CDB1FDE002DB829 /* ViewController.h */ = {isa = PBXFileReference; lastKnownFileType = sourcecode.c.h; path = ViewController.h; sourceTree = "<group>"; };
		F969703A1CDB1FDE002DB829 /* ViewController.mm */ = {isa = PBXFileReference; lastKnownFileType = sourcecode.cpp.objcpp; path = ViewController.mm; sourceTree = "<group>"; };
		F969703D1CDB1FDE002DB829 /* Base */ = {isa = PBXFileReference; lastKnownFileType = file.storyboard; name = Base; path = Base.lproj/Main.storyboard; sourceTree = "<group>"; };
		F969703F1CDB1FDE002DB829 /* Assets.xcassets */ = {isa = PBXFileReference; lastKnownFileType = folder.assetcatalog; path = Assets.xcassets; sourceTree = "<group>"; };
		F96970421CDB1FDE002DB829 /* Base */ = {isa = PBXFileReference; lastKnownFileType = file.storyboard; name = Base; path = Base.lproj/LaunchScreen.storyboard; sourceTree = "<group>"; };
		F96970441CDB1FDE002DB829 /* Info.plist */ = {isa = PBXFileReference; lastKnownFileType = text.plist.xml; path = Info.plist; sourceTree = "<group>"; };
		F969704A1CDB2B27002DB829 /* 初始页.jpg */ = {isa = PBXFileReference; lastKnownFileType = image.jpeg; path = "初始页.jpg"; sourceTree = "<group>"; };
		F969704B1CDB2B27002DB829 /* 关于.png */ = {isa = PBXFileReference; lastKnownFileType = image.png; path = "关于.png"; sourceTree = "<group>"; };
		F969704C1CDB2B27002DB829 /* 加号.png */ = {isa = PBXFileReference; lastKnownFileType = image.png; path = "加号.png"; sourceTree = "<group>"; };
		F969704D1CDB2B27002DB829 /* 减号.png */ = {isa = PBXFileReference; lastKnownFileType = image.png; path = "减号.png"; sourceTree = "<group>"; };
		F969704E1CDB2B27002DB829 /* 拉条1.png */ = {isa = PBXFileReference; lastKnownFileType = image.png; path = "拉条1.png"; sourceTree = "<group>"; };
		F969704F1CDB2B27002DB829 /* 拉条2.png */ = {isa = PBXFileReference; lastKnownFileType = image.png; path = "拉条2.png"; sourceTree = "<group>"; };
		F96970501CDB2B27002DB829 /* 扭1选中.png */ = {isa = PBXFileReference; lastKnownFileType = image.png; path = "扭1选中.png"; sourceTree = "<group>"; };
		F96970511CDB2B27002DB829 /* 扭2选中.png */ = {isa = PBXFileReference; lastKnownFileType = image.png; path = "扭2选中.png"; sourceTree = "<group>"; };
		F96970521CDB2B27002DB829 /* 扭3选中.png */ = {isa = PBXFileReference; lastKnownFileType = image.png; path = "扭3选中.png"; sourceTree = "<group>"; };
		F96970531CDB2B27002DB829 /* 扭4选中.png */ = {isa = PBXFileReference; lastKnownFileType = image.png; path = "扭4选中.png"; sourceTree = "<group>"; };
		F96970541CDB2B27002DB829 /* 添加图标2.png */ = {isa = PBXFileReference; lastKnownFileType = image.png; path = "添加图标2.png"; sourceTree = "<group>"; };
		F96970551CDB2B27002DB829 /* 添加页面2.png */ = {isa = PBXFileReference; lastKnownFileType = image.png; path = "添加页面2.png"; sourceTree = "<group>"; };
		F96970561CDB2B27002DB829 /* 选择图片.png */ = {isa = PBXFileReference; lastKnownFileType = image.png; path = "选择图片.png"; sourceTree = "<group>"; };
		F96970641CDB2B50002DB829 /* redo.png */ = {isa = PBXFileReference; lastKnownFileType = image.png; path = redo.png; sourceTree = "<group>"; };
		F96970651CDB2B50002DB829 /* save.png */ = {isa = PBXFileReference; lastKnownFileType = image.png; path = save.png; sourceTree = "<group>"; };
		F96970661CDB2B50002DB829 /* undo.png */ = {isa = PBXFileReference; lastKnownFileType = image.png; path = undo.png; sourceTree = "<group>"; };
		F969706A1CDB2B5D002DB829 /* cancel.png */ = {isa = PBXFileReference; lastKnownFileType = image.png; path = cancel.png; sourceTree = "<group>"; };
		F969706C1CDB2B69002DB829 /* GreenBackground.png */ = {isa = PBXFileReference; lastKnownFileType = image.png; path = GreenBackground.png; sourceTree = "<group>"; };
		F96970991CDB3866002DB829 /* opencv2.framework */ = {isa = PBXFileReference; lastKnownFileType = wrapper.framework; path = opencv2.framework; sourceTree = "<group>"; };
		F969709C1CDB38EA002DB829 /* ASValuePopUpView.h */ = {isa = PBXFileReference; fileEncoding = 4; lastKnownFileType = sourcecode.c.h; name = ASValuePopUpView.h; path = ASValueTrackingSlider/ASValuePopUpView.h; sourceTree = "<group>"; };
		F969709D1CDB38EA002DB829 /* ASValuePopUpView.m */ = {isa = PBXFileReference; fileEncoding = 4; lastKnownFileType = sourcecode.c.objc; name = ASValuePopUpView.m; path = ASValueTrackingSlider/ASValuePopUpView.m; sourceTree = "<group>"; };
		F969709E1CDB38EA002DB829 /* ASValueTrackingSlider.h */ = {isa = PBXFileReference; fileEncoding = 4; lastKnownFileType = sourcecode.c.h; name = ASValueTrackingSlider.h; path = ASValueTrackingSlider/ASValueTrackingSlider.h; sourceTree = "<group>"; };
		F969709F1CDB38EA002DB829 /* ASValueTrackingSlider.m */ = {isa = PBXFileReference; fileEncoding = 4; lastKnownFileType = sourcecode.c.objc; name = ASValueTrackingSlider.m; path = ASValueTrackingSlider/ASValueTrackingSlider.m; sourceTree = "<group>"; };
		F96970AB1CDB3A81002DB829 /* PopoverViewController.h */ = {isa = PBXFileReference; fileEncoding = 4; lastKnownFileType = sourcecode.c.h; path = PopoverViewController.h; sourceTree = "<group>"; };
		F96970AC1CDB3A81002DB829 /* PopoverViewController.m */ = {isa = PBXFileReference; fileEncoding = 4; lastKnownFileType = sourcecode.c.objc; path = PopoverViewController.m; sourceTree = "<group>"; };
		F96970AE1CDB3A97002DB829 /* ChooseButtonsPanel.h */ = {isa = PBXFileReference; fileEncoding = 4; lastKnownFileType = sourcecode.c.h; path = ChooseButtonsPanel.h; sourceTree = "<group>"; };
		F96970AF1CDB3A97002DB829 /* ChooseButtonsPanel.m */ = {isa = PBXFileReference; fileEncoding = 4; lastKnownFileType = sourcecode.c.objc; path = ChooseButtonsPanel.m; sourceTree = "<group>"; };
		F96970B01CDB3A97002DB829 /* FunctionTableBar.h */ = {isa = PBXFileReference; fileEncoding = 4; lastKnownFileType = sourcecode.c.h; path = FunctionTableBar.h; sourceTree = "<group>"; };
		F96970B11CDB3A97002DB829 /* FunctionTableBar.m */ = {isa = PBXFileReference; fileEncoding = 4; lastKnownFileType = sourcecode.c.objc; path = FunctionTableBar.m; sourceTree = "<group>"; };
		F96970B51CDB4D6F002DB829 /* ShareSDK.framework */ = {isa = PBXFileReference; lastKnownFileType = wrapper.framework; path = ShareSDK.framework; sourceTree = "<group>"; };
		F96970B81CDB4D6F002DB829 /* ShareSDKExtension.framework */ = {isa = PBXFileReference; lastKnownFileType = wrapper.framework; path = ShareSDKExtension.framework; sourceTree = "<group>"; };
		F96970B91CDB4D6F002DB829 /* ShareSDKUI.bundle */ = {isa = PBXFileReference; lastKnownFileType = "wrapper.plug-in"; path = ShareSDKUI.bundle; sourceTree = "<group>"; };
		F96970BA1CDB4D70002DB829 /* ShareSDKUI.framework */ = {isa = PBXFileReference; lastKnownFileType = wrapper.framework; path = ShareSDKUI.framework; sourceTree = "<group>"; };
		F96970BD1CDB4D70002DB829 /* TencentOpenAPI.framework */ = {isa = PBXFileReference; lastKnownFileType = wrapper.framework; path = TencentOpenAPI.framework; sourceTree = "<group>"; };
		F96970BE1CDB4D70002DB829 /* TencentOpenApi_IOS_Bundle.bundle */ = {isa = PBXFileReference; lastKnownFileType = "wrapper.plug-in"; path = TencentOpenApi_IOS_Bundle.bundle; sourceTree = "<group>"; };
		F96970C01CDB4D70002DB829 /* libWeiboSDK.a */ = {isa = PBXFileReference; lastKnownFileType = archive.ar; path = libWeiboSDK.a; sourceTree = "<group>"; };
		F96970C11CDB4D70002DB829 /* WBHttpRequest+WeiboGame.h */ = {isa = PBXFileReference; fileEncoding = 4; lastKnownFileType = sourcecode.c.h; path = "WBHttpRequest+WeiboGame.h"; sourceTree = "<group>"; };
		F96970C21CDB4D70002DB829 /* WBHttpRequest+WeiboShare.h */ = {isa = PBXFileReference; fileEncoding = 4; lastKnownFileType = sourcecode.c.h; path = "WBHttpRequest+WeiboShare.h"; sourceTree = "<group>"; };
		F96970C31CDB4D70002DB829 /* WBHttpRequest+WeiboToken.h */ = {isa = PBXFileReference; fileEncoding = 4; lastKnownFileType = sourcecode.c.h; path = "WBHttpRequest+WeiboToken.h"; sourceTree = "<group>"; };
		F96970C41CDB4D70002DB829 /* WBHttpRequest+WeiboUser.h */ = {isa = PBXFileReference; fileEncoding = 4; lastKnownFileType = sourcecode.c.h; path = "WBHttpRequest+WeiboUser.h"; sourceTree = "<group>"; };
		F96970C51CDB4D70002DB829 /* WBHttpRequest.h */ = {isa = PBXFileReference; fileEncoding = 4; lastKnownFileType = sourcecode.c.h; path = WBHttpRequest.h; sourceTree = "<group>"; };
		F96970C61CDB4D70002DB829 /* WBSDKBasicButton.h */ = {isa = PBXFileReference; fileEncoding = 4; lastKnownFileType = sourcecode.c.h; path = WBSDKBasicButton.h; sourceTree = "<group>"; };
		F96970C71CDB4D70002DB829 /* WBSDKCommentButton.h */ = {isa = PBXFileReference; fileEncoding = 4; lastKnownFileType = sourcecode.c.h; path = WBSDKCommentButton.h; sourceTree = "<group>"; };
		F96970C81CDB4D70002DB829 /* WBSDKRelationshipButton.h */ = {isa = PBXFileReference; fileEncoding = 4; lastKnownFileType = sourcecode.c.h; path = WBSDKRelationshipButton.h; sourceTree = "<group>"; };
		F96970C91CDB4D70002DB829 /* WeiboSDK+Statistics.h */ = {isa = PBXFileReference; fileEncoding = 4; lastKnownFileType = sourcecode.c.h; path = "WeiboSDK+Statistics.h"; sourceTree = "<group>"; };
		F96970CA1CDB4D70002DB829 /* WeiboSDK.bundle */ = {isa = PBXFileReference; lastKnownFileType = "wrapper.plug-in"; path = WeiboSDK.bundle; sourceTree = "<group>"; };
		F96970CB1CDB4D70002DB829 /* WeiboSDK.h */ = {isa = PBXFileReference; fileEncoding = 4; lastKnownFileType = sourcecode.c.h; path = WeiboSDK.h; sourceTree = "<group>"; };
		F96970CC1CDB4D70002DB829 /* WeiboUser.h */ = {isa = PBXFileReference; fileEncoding = 4; lastKnownFileType = sourcecode.c.h; path = WeiboUser.h; sourceTree = "<group>"; };
		F96970CE1CDB4D70002DB829 /* libWeChatSDK.a */ = {isa = PBXFileReference; lastKnownFileType = archive.ar; path = libWeChatSDK.a; sourceTree = "<group>"; };
		F96970CF1CDB4D70002DB829 /* read_me.txt */ = {isa = PBXFileReference; fileEncoding = 4; lastKnownFileType = text; path = read_me.txt; sourceTree = "<group>"; };
		F96970D01CDB4D70002DB829 /* WechatAuthSDK.h */ = {isa = PBXFileReference; fileEncoding = 4; lastKnownFileType = sourcecode.c.h; path = WechatAuthSDK.h; sourceTree = "<group>"; };
		F96970D11CDB4D70002DB829 /* WXApi.h */ = {isa = PBXFileReference; fileEncoding = 4; lastKnownFileType = sourcecode.c.h; path = WXApi.h; sourceTree = "<group>"; };
		F96970D21CDB4D70002DB829 /* WXApiObject.h */ = {isa = PBXFileReference; fileEncoding = 4; lastKnownFileType = sourcecode.c.h; path = WXApiObject.h; sourceTree = "<group>"; };
		F96970D41CDB4D70002DB829 /* MOBFoundation.framework */ = {isa = PBXFileReference; lastKnownFileType = wrapper.framework; path = MOBFoundation.framework; sourceTree = "<group>"; };
		F96970D51CDB4D70002DB829 /* ShareSDK.bundle */ = {isa = PBXFileReference; lastKnownFileType = "wrapper.plug-in"; path = ShareSDK.bundle; sourceTree = "<group>"; };
		F96970D61CDB4D70002DB829 /* ShareSDKConnector.framework */ = {isa = PBXFileReference; lastKnownFileType = wrapper.framework; path = ShareSDKConnector.framework; sourceTree = "<group>"; };
		F96970E41CDB4E21002DB829 /* libicucore.tbd */ = {isa = PBXFileReference; lastKnownFileType = "sourcecode.text-based-dylib-definition"; name = libicucore.tbd; path = usr/lib/libicucore.tbd; sourceTree = SDKROOT; };
		F96970E61CDB4E31002DB829 /* libz.tbd */ = {isa = PBXFileReference; lastKnownFileType = "sourcecode.text-based-dylib-definition"; name = libz.tbd; path = usr/lib/libz.tbd; sourceTree = SDKROOT; };
		F96970E81CDB4E40002DB829 /* libstdc++.tbd */ = {isa = PBXFileReference; lastKnownFileType = "sourcecode.text-based-dylib-definition"; name = "libstdc++.tbd"; path = "usr/lib/libstdc++.tbd"; sourceTree = SDKROOT; };
		F96970EA1CDB4E52002DB829 /* JavaScriptCore.framework */ = {isa = PBXFileReference; lastKnownFileType = wrapper.framework; name = JavaScriptCore.framework; path = System/Library/Frameworks/JavaScriptCore.framework; sourceTree = SDKROOT; };
		F96970EC1CDB4E7D002DB829 /* libsqlite3.tbd */ = {isa = PBXFileReference; lastKnownFileType = "sourcecode.text-based-dylib-definition"; name = libsqlite3.tbd; path = usr/lib/libsqlite3.tbd; sourceTree = SDKROOT; };
		F96970EE1CDB4EAA002DB829 /* ImageIO.framework */ = {isa = PBXFileReference; lastKnownFileType = wrapper.framework; name = ImageIO.framework; path = System/Library/Frameworks/ImageIO.framework; sourceTree = SDKROOT; };
		F96970F01CDB4EC0002DB829 /* MessageUI.framework */ = {isa = PBXFileReference; lastKnownFileType = wrapper.framework; name = MessageUI.framework; path = System/Library/Frameworks/MessageUI.framework; sourceTree = SDKROOT; };
/* End PBXFileReference section */

/* Begin PBXFrameworksBuildPhase section */
		F969702D1CDB1FDE002DB829 /* Frameworks */ = {
			isa = PBXFrameworksBuildPhase;
			buildActionMask = 2147483647;
			files = (
				F93C92081CDB61A8001BAF04 /* AssetsLibrary.framework in Frameworks */,
				F93C92061CDB5B84001BAF04 /* libjpeg.a in Frameworks */,
				F96970F11CDB4EC0002DB829 /* MessageUI.framework in Frameworks */,
				F96970EF1CDB4EAA002DB829 /* ImageIO.framework in Frameworks */,
				F96970ED1CDB4E7D002DB829 /* libsqlite3.tbd in Frameworks */,
				F96970EB1CDB4E52002DB829 /* JavaScriptCore.framework in Frameworks */,
				F96970E91CDB4E40002DB829 /* libstdc++.tbd in Frameworks */,
				F96970E71CDB4E31002DB829 /* libz.tbd in Frameworks */,
				F96970E51CDB4E21002DB829 /* libicucore.tbd in Frameworks */,
				F96970E11CDB4D70002DB829 /* MOBFoundation.framework in Frameworks */,
				F96970DF1CDB4D70002DB829 /* libWeChatSDK.a in Frameworks */,
				F96970DB1CDB4D70002DB829 /* TencentOpenAPI.framework in Frameworks */,
				F96970DD1CDB4D70002DB829 /* libWeiboSDK.a in Frameworks */,
				F969709A1CDB3866002DB829 /* opencv2.framework in Frameworks */,
				F96970D71CDB4D70002DB829 /* ShareSDK.framework in Frameworks */,
				F96970D81CDB4D70002DB829 /* ShareSDKExtension.framework in Frameworks */,
				F96970E31CDB4D70002DB829 /* ShareSDKConnector.framework in Frameworks */,
				F96970DA1CDB4D70002DB829 /* ShareSDKUI.framework in Frameworks */,
			);
			runOnlyForDeploymentPostprocessing = 0;
		};
/* End PBXFrameworksBuildPhase section */

/* Begin PBXGroup section */
		F96970271CDB1FDE002DB829 = {
			isa = PBXGroup;
			children = (
				F93C92071CDB61A8001BAF04 /* AssetsLibrary.framework */,
				F93C92051CDB5B84001BAF04 /* libjpeg.a */,
				F96970F01CDB4EC0002DB829 /* MessageUI.framework */,
				F96970EE1CDB4EAA002DB829 /* ImageIO.framework */,
				F96970EC1CDB4E7D002DB829 /* libsqlite3.tbd */,
				F96970EA1CDB4E52002DB829 /* JavaScriptCore.framework */,
				F96970E81CDB4E40002DB829 /* libstdc++.tbd */,
				F96970E61CDB4E31002DB829 /* libz.tbd */,
				F96970E41CDB4E21002DB829 /* libicucore.tbd */,
				F96970B41CDB4D6F002DB829 /* ShareSDK */,
				F969709B1CDB38B3002DB829 /* ASValueTrackingSlider */,
				F96970991CDB3866002DB829 /* opencv2.framework */,
				F96970321CDB1FDE002DB829 /* OneColor */,
				F96970311CDB1FDE002DB829 /* Products */,
			);
			sourceTree = "<group>";
		};
		F96970311CDB1FDE002DB829 /* Products */ = {
			isa = PBXGroup;
			children = (
				F96970301CDB1FDE002DB829 /* OneColor.app */,
			);
			name = Products;
			sourceTree = "<group>";
		};
		F96970321CDB1FDE002DB829 /* OneColor */ = {
			isa = PBXGroup;
			children = (
				F96970AE1CDB3A97002DB829 /* ChooseButtonsPanel.h */,
				F96970AF1CDB3A97002DB829 /* ChooseButtonsPanel.m */,
				F96970B01CDB3A97002DB829 /* FunctionTableBar.h */,
				F96970B11CDB3A97002DB829 /* FunctionTableBar.m */,
				F96970AB1CDB3A81002DB829 /* PopoverViewController.h */,
				F96970AC1CDB3A81002DB829 /* PopoverViewController.m */,
				F96970361CDB1FDE002DB829 /* AppDelegate.h */,
				F96970371CDB1FDE002DB829 /* AppDelegate.m */,
				F96970391CDB1FDE002DB829 /* ViewController.h */,
				F969703A1CDB1FDE002DB829 /* ViewController.mm */,
				F969703C1CDB1FDE002DB829 /* Main.storyboard */,
				F969703F1CDB1FDE002DB829 /* Assets.xcassets */,
				F96970411CDB1FDE002DB829 /* LaunchScreen.storyboard */,
				F96970441CDB1FDE002DB829 /* Info.plist */,
				F96970331CDB1FDE002DB829 /* Supporting Files */,
				9B58517B1D1688CA00FA339B /* algo_core.mm */,
				9B8D3C291D1FE5B1005EDBB9 /* algo_core.h */,
			);
			path = OneColor;
			sourceTree = "<group>";
		};
		F96970331CDB1FDE002DB829 /* Supporting Files */ = {
			isa = PBXGroup;
			children = (
				F969704A1CDB2B27002DB829 /* 初始页.jpg */,
				F969704B1CDB2B27002DB829 /* 关于.png */,
				F969704C1CDB2B27002DB829 /* 加号.png */,
				F969704D1CDB2B27002DB829 /* 减号.png */,
				F969704E1CDB2B27002DB829 /* 拉条1.png */,
				F969704F1CDB2B27002DB829 /* 拉条2.png */,
				F96970501CDB2B27002DB829 /* 扭1选中.png */,
				F96970511CDB2B27002DB829 /* 扭2选中.png */,
				F96970521CDB2B27002DB829 /* 扭3选中.png */,
				F96970531CDB2B27002DB829 /* 扭4选中.png */,
				F96970541CDB2B27002DB829 /* 添加图标2.png */,
				F96970551CDB2B27002DB829 /* 添加页面2.png */,
				F96970561CDB2B27002DB829 /* 选择图片.png */,
				F96970641CDB2B50002DB829 /* redo.png */,
				F96970651CDB2B50002DB829 /* save.png */,
				F96970661CDB2B50002DB829 /* undo.png */,
				F969706A1CDB2B5D002DB829 /* cancel.png */,
				F969706C1CDB2B69002DB829 /* GreenBackground.png */,
				F96970341CDB1FDE002DB829 /* main.m */,
			);
			name = "Supporting Files";
			sourceTree = "<group>";
		};
		F969709B1CDB38B3002DB829 /* ASValueTrackingSlider */ = {
			isa = PBXGroup;
			children = (
				F969709C1CDB38EA002DB829 /* ASValuePopUpView.h */,
				F969709D1CDB38EA002DB829 /* ASValuePopUpView.m */,
				F969709E1CDB38EA002DB829 /* ASValueTrackingSlider.h */,
				F969709F1CDB38EA002DB829 /* ASValueTrackingSlider.m */,
			);
			name = ASValueTrackingSlider;
			sourceTree = "<group>";
		};
		F96970B41CDB4D6F002DB829 /* ShareSDK */ = {
			isa = PBXGroup;
			children = (
				F96970B51CDB4D6F002DB829 /* ShareSDK.framework */,
				F96970B61CDB4D6F002DB829 /* Support */,
			);
			path = ShareSDK;
			sourceTree = "<group>";
		};
		F96970B61CDB4D6F002DB829 /* Support */ = {
			isa = PBXGroup;
			children = (
				F96970B71CDB4D6F002DB829 /* Optional */,
				F96970BB1CDB4D70002DB829 /* PlatformSDK */,
				F96970D31CDB4D70002DB829 /* Required */,
			);
			path = Support;
			sourceTree = "<group>";
		};
		F96970B71CDB4D6F002DB829 /* Optional */ = {
			isa = PBXGroup;
			children = (
				F96970B81CDB4D6F002DB829 /* ShareSDKExtension.framework */,
				F96970B91CDB4D6F002DB829 /* ShareSDKUI.bundle */,
				F96970BA1CDB4D70002DB829 /* ShareSDKUI.framework */,
			);
			path = Optional;
			sourceTree = "<group>";
		};
		F96970BB1CDB4D70002DB829 /* PlatformSDK */ = {
			isa = PBXGroup;
			children = (
				F96970BC1CDB4D70002DB829 /* QQSDK */,
				F96970BF1CDB4D70002DB829 /* SinaWeiboSDK */,
				F96970CD1CDB4D70002DB829 /* WeChatSDK */,
			);
			path = PlatformSDK;
			sourceTree = "<group>";
		};
		F96970BC1CDB4D70002DB829 /* QQSDK */ = {
			isa = PBXGroup;
			children = (
				F96970BD1CDB4D70002DB829 /* TencentOpenAPI.framework */,
				F96970BE1CDB4D70002DB829 /* TencentOpenApi_IOS_Bundle.bundle */,
			);
			path = QQSDK;
			sourceTree = "<group>";
		};
		F96970BF1CDB4D70002DB829 /* SinaWeiboSDK */ = {
			isa = PBXGroup;
			children = (
				F96970C01CDB4D70002DB829 /* libWeiboSDK.a */,
				F96970C11CDB4D70002DB829 /* WBHttpRequest+WeiboGame.h */,
				F96970C21CDB4D70002DB829 /* WBHttpRequest+WeiboShare.h */,
				F96970C31CDB4D70002DB829 /* WBHttpRequest+WeiboToken.h */,
				F96970C41CDB4D70002DB829 /* WBHttpRequest+WeiboUser.h */,
				F96970C51CDB4D70002DB829 /* WBHttpRequest.h */,
				F96970C61CDB4D70002DB829 /* WBSDKBasicButton.h */,
				F96970C71CDB4D70002DB829 /* WBSDKCommentButton.h */,
				F96970C81CDB4D70002DB829 /* WBSDKRelationshipButton.h */,
				F96970C91CDB4D70002DB829 /* WeiboSDK+Statistics.h */,
				F96970CA1CDB4D70002DB829 /* WeiboSDK.bundle */,
				F96970CB1CDB4D70002DB829 /* WeiboSDK.h */,
				F96970CC1CDB4D70002DB829 /* WeiboUser.h */,
			);
			path = SinaWeiboSDK;
			sourceTree = "<group>";
		};
		F96970CD1CDB4D70002DB829 /* WeChatSDK */ = {
			isa = PBXGroup;
			children = (
				F96970CE1CDB4D70002DB829 /* libWeChatSDK.a */,
				F96970CF1CDB4D70002DB829 /* read_me.txt */,
				F96970D01CDB4D70002DB829 /* WechatAuthSDK.h */,
				F96970D11CDB4D70002DB829 /* WXApi.h */,
				F96970D21CDB4D70002DB829 /* WXApiObject.h */,
			);
			path = WeChatSDK;
			sourceTree = "<group>";
		};
		F96970D31CDB4D70002DB829 /* Required */ = {
			isa = PBXGroup;
			children = (
				F96970D41CDB4D70002DB829 /* MOBFoundation.framework */,
				F96970D51CDB4D70002DB829 /* ShareSDK.bundle */,
				F96970D61CDB4D70002DB829 /* ShareSDKConnector.framework */,
			);
			path = Required;
			sourceTree = "<group>";
		};
/* End PBXGroup section */

/* Begin PBXNativeTarget section */
		F969702F1CDB1FDE002DB829 /* OneColor */ = {
			isa = PBXNativeTarget;
			buildConfigurationList = F96970471CDB1FDE002DB829 /* Build configuration list for PBXNativeTarget "OneColor" */;
			buildPhases = (
				F969702C1CDB1FDE002DB829 /* Sources */,
				F969702D1CDB1FDE002DB829 /* Frameworks */,
				F969702E1CDB1FDE002DB829 /* Resources */,
			);
			buildRules = (
			);
			dependencies = (
			);
			name = OneColor;
			productName = OneColor;
			productReference = F96970301CDB1FDE002DB829 /* OneColor.app */;
			productType = "com.apple.product-type.application";
		};
/* End PBXNativeTarget section */

/* Begin PBXProject section */
		F96970281CDB1FDE002DB829 /* Project object */ = {
			isa = PBXProject;
			attributes = {
				LastUpgradeCheck = 0730;
				ORGANIZATIONNAME = hwp;
				TargetAttributes = {
					F969702F1CDB1FDE002DB829 = {
						CreatedOnToolsVersion = 7.3;
						DevelopmentTeam = 7EA5LEVZEZ;
					};
				};
			};
			buildConfigurationList = F969702B1CDB1FDE002DB829 /* Build configuration list for PBXProject "OneColor" */;
			compatibilityVersion = "Xcode 3.2";
			developmentRegion = English;
			hasScannedForEncodings = 0;
			knownRegions = (
				en,
				Base,
			);
			mainGroup = F96970271CDB1FDE002DB829;
			productRefGroup = F96970311CDB1FDE002DB829 /* Products */;
			projectDirPath = "";
			projectRoot = "";
			targets = (
				F969702F1CDB1FDE002DB829 /* OneColor */,
			);
		};
/* End PBXProject section */

/* Begin PBXResourcesBuildPhase section */
		F969702E1CDB1FDE002DB829 /* Resources */ = {
			isa = PBXResourcesBuildPhase;
			buildActionMask = 2147483647;
			files = (
				F96970581CDB2B27002DB829 /* 关于.png in Resources */,
				F969705D1CDB2B27002DB829 /* 扭1选中.png in Resources */,
				F96970681CDB2B50002DB829 /* save.png in Resources */,
				F969706B1CDB2B5D002DB829 /* cancel.png in Resources */,
				F96970E01CDB4D70002DB829 /* read_me.txt in Resources */,
				F96970631CDB2B27002DB829 /* 选择图片.png in Resources */,
				F96970621CDB2B27002DB829 /* 添加页面2.png in Resources */,
				F96970601CDB2B27002DB829 /* 扭4选中.png in Resources */,
				F96970431CDB1FDE002DB829 /* LaunchScreen.storyboard in Resources */,
				F96970D91CDB4D70002DB829 /* ShareSDKUI.bundle in Resources */,
				F96970E21CDB4D70002DB829 /* ShareSDK.bundle in Resources */,
				F96970591CDB2B27002DB829 /* 加号.png in Resources */,
				F969705C1CDB2B27002DB829 /* 拉条2.png in Resources */,
				F96970611CDB2B27002DB829 /* 添加图标2.png in Resources */,
				F969705F1CDB2B27002DB829 /* 扭3选中.png in Resources */,
				F96970401CDB1FDE002DB829 /* Assets.xcassets in Resources */,
				F96970DC1CDB4D70002DB829 /* TencentOpenApi_IOS_Bundle.bundle in Resources */,
				F969706D1CDB2B69002DB829 /* GreenBackground.png in Resources */,
				F96970691CDB2B50002DB829 /* undo.png in Resources */,
				F969703E1CDB1FDE002DB829 /* Main.storyboard in Resources */,
				F969705B1CDB2B27002DB829 /* 拉条1.png in Resources */,
				F96970571CDB2B27002DB829 /* 初始页.jpg in Resources */,
				F96970671CDB2B50002DB829 /* redo.png in Resources */,
				F969705A1CDB2B27002DB829 /* 减号.png in Resources */,
				F969705E1CDB2B27002DB829 /* 扭2选中.png in Resources */,
				F96970DE1CDB4D70002DB829 /* WeiboSDK.bundle in Resources */,
			);
			runOnlyForDeploymentPostprocessing = 0;
		};
/* End PBXResourcesBuildPhase section */

/* Begin PBXSourcesBuildPhase section */
		F969702C1CDB1FDE002DB829 /* Sources */ = {
			isa = PBXSourcesBuildPhase;
			buildActionMask = 2147483647;
			files = (
				F96970B31CDB3A97002DB829 /* FunctionTableBar.m in Sources */,
				F96970AD1CDB3A81002DB829 /* PopoverViewController.m in Sources */,
				F969703B1CDB1FDE002DB829 /* ViewController.mm in Sources */,
				F96970A01CDB38EA002DB829 /* ASValuePopUpView.m in Sources */,
				F96970A11CDB38EA002DB829 /* ASValueTrackingSlider.m in Sources */,
				9B58517C1D1688CA00FA339B /* algo_core.mm in Sources */,
				F96970B21CDB3A97002DB829 /* ChooseButtonsPanel.m in Sources */,
				F96970381CDB1FDE002DB829 /* AppDelegate.m in Sources */,
				F96970351CDB1FDE002DB829 /* main.m in Sources */,
			);
			runOnlyForDeploymentPostprocessing = 0;
		};
/* End PBXSourcesBuildPhase section */

/* Begin PBXVariantGroup section */
		F969703C1CDB1FDE002DB829 /* Main.storyboard */ = {
			isa = PBXVariantGroup;
			children = (
				F969703D1CDB1FDE002DB829 /* Base */,
			);
			name = Main.storyboard;
			sourceTree = "<group>";
		};
		F96970411CDB1FDE002DB829 /* LaunchScreen.storyboard */ = {
			isa = PBXVariantGroup;
			children = (
				F96970421CDB1FDE002DB829 /* Base */,
			);
			name = LaunchScreen.storyboard;
			sourceTree = "<group>";
		};
/* End PBXVariantGroup section */

/* Begin XCBuildConfiguration section */
		F96970451CDB1FDE002DB829 /* Debug */ = {
			isa = XCBuildConfiguration;
			buildSettings = {
				ALWAYS_SEARCH_USER_PATHS = NO;
				CLANG_ANALYZER_NONNULL = YES;
				CLANG_CXX_LANGUAGE_STANDARD = "gnu++0x";
				CLANG_CXX_LIBRARY = "libc++";
				CLANG_ENABLE_MODULES = YES;
				CLANG_ENABLE_OBJC_ARC = YES;
				CLANG_WARN_BOOL_CONVERSION = YES;
				CLANG_WARN_CONSTANT_CONVERSION = YES;
				CLANG_WARN_DIRECT_OBJC_ISA_USAGE = YES_ERROR;
				CLANG_WARN_EMPTY_BODY = YES;
				CLANG_WARN_ENUM_CONVERSION = YES;
				CLANG_WARN_INT_CONVERSION = YES;
				CLANG_WARN_OBJC_ROOT_CLASS = YES_ERROR;
				CLANG_WARN_UNREACHABLE_CODE = YES;
				CLANG_WARN__DUPLICATE_METHOD_MATCH = YES;
				"CODE_SIGN_IDENTITY[sdk=iphoneos*]" = "iPhone Developer";
				COPY_PHASE_STRIP = NO;
				DEBUG_INFORMATION_FORMAT = dwarf;
				ENABLE_STRICT_OBJC_MSGSEND = YES;
				ENABLE_TESTABILITY = YES;
				GCC_C_LANGUAGE_STANDARD = gnu99;
				GCC_DYNAMIC_NO_PIC = NO;
				GCC_NO_COMMON_BLOCKS = YES;
				GCC_OPTIMIZATION_LEVEL = 0;
				GCC_PREPROCESSOR_DEFINITIONS = (
					"DEBUG=1",
					"$(inherited)",
				);
				GCC_WARN_64_TO_32_BIT_CONVERSION = YES;
				GCC_WARN_ABOUT_RETURN_TYPE = YES_ERROR;
				GCC_WARN_UNDECLARED_SELECTOR = YES;
				GCC_WARN_UNINITIALIZED_AUTOS = YES_AGGRESSIVE;
				GCC_WARN_UNUSED_FUNCTION = YES;
				GCC_WARN_UNUSED_VARIABLE = YES;
				IPHONEOS_DEPLOYMENT_TARGET = 9.3;
				MTL_ENABLE_DEBUG_INFO = YES;
				ONLY_ACTIVE_ARCH = YES;
				SDKROOT = iphoneos;
				TARGETED_DEVICE_FAMILY = "1,2";
			};
			name = Debug;
		};
		F96970461CDB1FDE002DB829 /* Release */ = {
			isa = XCBuildConfiguration;
			buildSettings = {
				ALWAYS_SEARCH_USER_PATHS = NO;
				CLANG_ANALYZER_NONNULL = YES;
				CLANG_CXX_LANGUAGE_STANDARD = "gnu++0x";
				CLANG_CXX_LIBRARY = "libc++";
				CLANG_ENABLE_MODULES = YES;
				CLANG_ENABLE_OBJC_ARC = YES;
				CLANG_WARN_BOOL_CONVERSION = YES;
				CLANG_WARN_CONSTANT_CONVERSION = YES;
				CLANG_WARN_DIRECT_OBJC_ISA_USAGE = YES_ERROR;
				CLANG_WARN_EMPTY_BODY = YES;
				CLANG_WARN_ENUM_CONVERSION = YES;
				CLANG_WARN_INT_CONVERSION = YES;
				CLANG_WARN_OBJC_ROOT_CLASS = YES_ERROR;
				CLANG_WARN_UNREACHABLE_CODE = YES;
				CLANG_WARN__DUPLICATE_METHOD_MATCH = YES;
				"CODE_SIGN_IDENTITY[sdk=iphoneos*]" = "iPhone Developer";
				COPY_PHASE_STRIP = NO;
				DEBUG_INFORMATION_FORMAT = "dwarf-with-dsym";
				ENABLE_NS_ASSERTIONS = NO;
				ENABLE_STRICT_OBJC_MSGSEND = YES;
				GCC_C_LANGUAGE_STANDARD = gnu99;
				GCC_NO_COMMON_BLOCKS = YES;
				GCC_WARN_64_TO_32_BIT_CONVERSION = YES;
				GCC_WARN_ABOUT_RETURN_TYPE = YES_ERROR;
				GCC_WARN_UNDECLARED_SELECTOR = YES;
				GCC_WARN_UNINITIALIZED_AUTOS = YES_AGGRESSIVE;
				GCC_WARN_UNUSED_FUNCTION = YES;
				GCC_WARN_UNUSED_VARIABLE = YES;
				IPHONEOS_DEPLOYMENT_TARGET = 9.3;
				MTL_ENABLE_DEBUG_INFO = NO;
				SDKROOT = iphoneos;
				TARGETED_DEVICE_FAMILY = "1,2";
				VALIDATE_PRODUCT = YES;
			};
			name = Release;
		};
		F96970481CDB1FDE002DB829 /* Debug */ = {
			isa = XCBuildConfiguration;
			buildSettings = {
				ASSETCATALOG_COMPILER_APPICON_NAME = AppIcon;
				CODE_SIGN_IDENTITY = "iPhone Developer";
				"CODE_SIGN_IDENTITY[sdk=iphoneos*]" = "iPhone Developer";
				ENABLE_BITCODE = NO;
				FRAMEWORK_SEARCH_PATHS = (
					"$(inherited)",
					"$(PROJECT_DIR)",
					"$(PROJECT_DIR)/ShareSDK",
					"$(PROJECT_DIR)/ShareSDK/Support/Optional",
					"$(PROJECT_DIR)/ShareSDK/Support/PlatformSDK/QQSDK",
					"$(PROJECT_DIR)/ShareSDK/Support/Required",
				);
				INFOPLIST_FILE = OneColor/Info.plist;
				LD_RUNPATH_SEARCH_PATHS = "$(inherited) @executable_path/Frameworks";
				LIBRARY_SEARCH_PATHS = (
					"$(inherited)",
					"$(PROJECT_DIR)/ShareSDK/Support/PlatformSDK/SinaWeiboSDK",
					"$(PROJECT_DIR)/ShareSDK/Support/PlatformSDK/WeChatSDK",
					"$(PROJECT_DIR)",
				);
				OTHER_LDFLAGS = "-ObjC";
				PRODUCT_BUNDLE_IDENTIFIER = hwp;
				PRODUCT_NAME = "$(TARGET_NAME)";
				PROVISIONING_PROFILE = "";
			};
			name = Debug;
		};
		F96970491CDB1FDE002DB829 /* Release */ = {
			isa = XCBuildConfiguration;
			buildSettings = {
				ASSETCATALOG_COMPILER_APPICON_NAME = AppIcon;
				CODE_SIGN_IDENTITY = "iPhone Developer";
				"CODE_SIGN_IDENTITY[sdk=iphoneos*]" = "iPhone Developer";
				ENABLE_BITCODE = NO;
				FRAMEWORK_SEARCH_PATHS = (
					"$(inherited)",
					"$(PROJECT_DIR)",
					"$(PROJECT_DIR)/ShareSDK",
					"$(PROJECT_DIR)/ShareSDK/Support/Optional",
					"$(PROJECT_DIR)/ShareSDK/Support/PlatformSDK/QQSDK",
					"$(PROJECT_DIR)/ShareSDK/Support/Required",
				);
				INFOPLIST_FILE = OneColor/Info.plist;
				LD_RUNPATH_SEARCH_PATHS = "$(inherited) @executable_path/Frameworks";
				LIBRARY_SEARCH_PATHS = (
					"$(inherited)",
					"$(PROJECT_DIR)/ShareSDK/Support/PlatformSDK/SinaWeiboSDK",
					"$(PROJECT_DIR)/ShareSDK/Support/PlatformSDK/WeChatSDK",
					"$(PROJECT_DIR)",
				);
				OTHER_LDFLAGS = "-ObjC";
				PRODUCT_BUNDLE_IDENTIFIER = hwp;
				PRODUCT_NAME = "$(TARGET_NAME)";
				PROVISIONING_PROFILE = "";
			};
			name = Release;
		};
/* End XCBuildConfiguration section */

/* Begin XCConfigurationList section */
		F969702B1CDB1FDE002DB829 /* Build configuration list for PBXProject "OneColor" */ = {
			isa = XCConfigurationList;
			buildConfigurations = (
				F96970451CDB1FDE002DB829 /* Debug */,
				F96970461CDB1FDE002DB829 /* Release */,
			);
			defaultConfigurationIsVisible = 0;
			defaultConfigurationName = Release;
		};
		F96970471CDB1FDE002DB829 /* Build configuration list for PBXNativeTarget "OneColor" */ = {
			isa = XCConfigurationList;
			buildConfigurations = (
				F96970481CDB1FDE002DB829 /* Debug */,
				F96970491CDB1FDE002DB829 /* Release */,
			);
			defaultConfigurationIsVisible = 0;
			defaultConfigurationName = Release;
		};
/* End XCConfigurationList section */
	};
	rootObject = F96970281CDB1FDE002DB829 /* Project object */;
}
