// !$*UTF8*$!
{
	archiveVersion = 1;
	classes = {
	};
	objectVersion = 46;
	objects = {

/* Begin PBXBuildFile section */
		F96970351CDB1FDE002DB829 /* main.m in Sources */ = {isa = PBXBuildFile; fileRef = F96970341CDB1FDE002DB829 /* main.m */; };
		F96970381CDB1FDE002DB829 /* AppDelegate.m in Sources */ = {isa = PBXBuildFile; fileRef = F96970371CDB1FDE002DB829 /* AppDelegate.m */; };
		F969703B1CDB1FDE002DB829 /* ViewController.mm in Sources */ = {isa = PBXBuildFile; fileRef = F969703A1CDB1FDE002DB829 /* ViewController.mm */; };
		F969703E1CDB1FDE002DB829 /* Main.storyboard in Resources */ = {isa = PBXBuildFile; fileRef = F969703C1CDB1FDE002DB829 /* Main.storyboard */; };
		F96970401CDB1FDE002DB829 /* Assets.xcassets in Resources */ = {isa = PBXBuildFile; fileRef = F969703F1CDB1FDE002DB829 /* Assets.xcassets */; };
		F96970431CDB1FDE002DB829 /* LaunchScreen.storyboard in Resources */ = {isa = PBXBuildFile; fileRef = F96970411CDB1FDE002DB829 /* LaunchScreen.storyboard */; };
		F96970571CDB2B27002DB829 /* 初始页.jpg in Resources */ = {isa = PBXBuildFile; fileRef = F969704A1CDB2B27002DB829 /* 初始页.jpg */; };
		F96970581CDB2B27002DB829 /* 关于.png in Resources */ = {isa = PBXBuildFile; fileRef = F969704B1CDB2B27002DB829 /* 关于.png */; };
		F96970591CDB2B27002DB829 /* 加号.png in Resources */ = {isa = PBXBuildFile; fileRef = F969704C1CDB2B27002DB829 /* 加号.png */; };
		F969705A1CDB2B27002DB829 /* 减号.png in Resources */ = {isa = PBXBuildFile; fileRef = F969704D1CDB2B27002DB829 /* 减号.png */; };
		F969705B1CDB2B27002DB829 /* 拉条1.png in Resources */ = {isa = PBXBuildFile; fileRef = F969704E1CDB2B27002DB829 /* 拉条1.png */; };
		F969705C1CDB2B27002DB829 /* 拉条2.png in Resources */ = {isa = PBXBuildFile; fileRef = F969704F1CDB2B27002DB829 /* 拉条2.png */; };
		F969705D1CDB2B27002DB829 /* 扭1选中.png in Resources */ = {isa = PBXBuildFile; fileRef = F96970501CDB2B27002DB829 /* 扭1选中.png */; };
		F969705E1CDB2B27002DB829 /* 扭2选中.png in Resources */ = {isa = PBXBuildFile; fileRef = F96970511CDB2B27002DB829 /* 扭2选中.png */; };
		F969705F1CDB2B27002DB829 /* 扭3选中.png in Resources */ = {isa = PBXBuildFile; fileRef = F96970521CDB2B27002DB829 /* 扭3选中.png */; };
		F96970601CDB2B27002DB829 /* 扭4选中.png in Resources */ = {isa = PBXBuildFile; fileRef = F96970531CDB2B27002DB829 /* 扭4选中.png */; };
		F96970611CDB2B27002DB829 /* 添加图标2.png in Resources */ = {isa = PBXBuildFile; fileRef = F96970541CDB2B27002DB829 /* 添加图标2.png */; };
		F96970621CDB2B27002DB829 /* 添加页面2.png in Resources */ = {isa = PBXBuildFile; fileRef = F96970551CDB2B27002DB829 /* 添加页面2.png */; };
		F96970631CDB2B27002DB829 /* 选择图片.png in Resources */ = {isa = PBXBuildFile; fileRef = F96970561CDB2B27002DB829 /* 选择图片.png */; };
		F96970671CDB2B50002DB829 /* redo.png in Resources */ = {isa = PBXBuildFile; fileRef = F96970641CDB2B50002DB829 /* redo.png */; };
		F96970681CDB2B50002DB829 /* save.png in Resources */ = {isa = PBXBuildFile; fileRef = F96970651CDB2B50002DB829 /* save.png */; };
		F96970691CDB2B50002DB829 /* undo.png in Resources */ = {isa = PBXBuildFile; fileRef = F96970661CDB2B50002DB829 /* undo.png */; };
		F969706B1CDB2B5D002DB829 /* cancel.png in Resources */ = {isa = PBXBuildFile; fileRef = F969706A1CDB2B5D002DB829 /* cancel.png */; };
		F969706D1CDB2B69002DB829 /* GreenBackground.png in Resources */ = {isa = PBXBuildFile; fileRef = F969706C1CDB2B69002DB829 /* GreenBackground.png */; };
		F969709A1CDB3866002DB829 /* opencv2.framework in Frameworks */ = {isa = PBXBuildFile; fileRef = F96970991CDB3866002DB829 /* opencv2.framework */; };
		F96970A01CDB38EA002DB829 /* ASValuePopUpView.m in Sources */ = {isa = PBXBuildFile; fileRef = F969709D1CDB38EA002DB829 /* ASValuePopUpView.m */; };
		F96970A11CDB38EA002DB829 /* ASValueTrackingSlider.m in Sources */ = {isa = PBXBuildFile; fileRef = F969709F1CDB38EA002DB829 /* ASValueTrackingSlider.m */; };
		F96970AD1CDB3A81002DB829 /* PopoverViewController.m in Sources */ = {isa = PBXBuildFile; fileRef = F96970AC1CDB3A81002DB829 /* PopoverViewController.m */; };
		F96970B21CDB3A97002DB829 /* ChooseButtonsPanel.m in Sources */ = {isa = PBXBuildFile; fileRef = F96970AF1CDB3A97002DB829 /* ChooseButtonsPanel.m */; };
		F96970B31CDB3A97002DB829 /* FunctionTableBar.m in Sources */ = {isa = PBXBuildFile; fileRef = F96970B11CDB3A97002DB829 /* FunctionTableBar.m */; };
/* End PBXBuildFile section */

/* Begin PBXFileReference section */
		F96970301CDB1FDE002DB829 /* OneColor.app */ = {isa = PBXFileReference; explicitFileType = wrapper.application; includeInIndex = 0; path = OneColor.app; sourceTree = BUILT_PRODUCTS_DIR; };
		F96970341CDB1FDE002DB829 /* main.m */ = {isa = PBXFileReference; lastKnownFileType = sourcecode.c.objc; path = main.m; sourceTree = "<group>"; };
		F96970361CDB1FDE002DB829 /* AppDelegate.h */ = {isa = PBXFileReference; lastKnownFileType = sourcecode.c.h; path = AppDelegate.h; sourceTree = "<group>"; };
		F96970371CDB1FDE002DB829 /* AppDelegate.m */ = {isa = PBXFileReference; lastKnownFileType = sourcecode.c.objc; path = AppDelegate.m; sourceTree = "<group>"; };
		F96970391CDB1FDE002DB829 /* ViewController.h */ = {isa = PBXFileReference; lastKnownFileType = sourcecode.c.h; path = ViewController.h; sourceTree = "<group>"; };
		F969703A1CDB1FDE002DB829 /* ViewController.mm */ = {isa = PBXFileReference; lastKnownFileType = sourcecode.cpp.objcpp; path = ViewController.mm; sourceTree = "<group>"; };
		F969703D1CDB1FDE002DB829 /* Base */ = {isa = PBXFileReference; lastKnownFileType = file.storyboard; name = Base; path = Base.lproj/Main.storyboard; sourceTree = "<group>"; };
		F969703F1CDB1FDE002DB829 /* Assets.xcassets */ = {isa = PBXFileReference; lastKnownFileType = folder.assetcatalog; path = Assets.xcassets; sourceTree = "<group>"; };
		F96970421CDB1FDE002DB829 /* Base */ = {isa = PBXFileReference; lastKnownFileType = file.storyboard; name = Base; path = Base.lproj/LaunchScreen.storyboard; sourceTree = "<group>"; };
		F96970441CDB1FDE002DB829 /* Info.plist */ = {isa = PBXFileReference; lastKnownFileType = text.plist.xml; path = Info.plist; sourceTree = "<group>"; };
		F969704A1CDB2B27002DB829 /* 初始页.jpg */ = {isa = PBXFileReference; lastKnownFileType = image.jpeg; path = "初始页.jpg"; sourceTree = "<group>"; };
		F969704B1CDB2B27002DB829 /* 关于.png */ = {isa = PBXFileReference; lastKnownFileType = image.png; path = "关于.png"; sourceTree = "<group>"; };
		F969704C1CDB2B27002DB829 /* 加号.png */ = {isa = PBXFileReference; lastKnownFileType = image.png; path = "加号.png"; sourceTree = "<group>"; };
		F969704D1CDB2B27002DB829 /* 减号.png */ = {isa = PBXFileReference; lastKnownFileType = image.png; path = "减号.png"; sourceTree = "<group>"; };
		F969704E1CDB2B27002DB829 /* 拉条1.png */ = {isa = PBXFileReference; lastKnownFileType = image.png; path = "拉条1.png"; sourceTree = "<group>"; };
		F969704F1CDB2B27002DB829 /* 拉条2.png */ = {isa = PBXFileReference; lastKnownFileType = image.png; path = "拉条2.png"; sourceTree = "<group>"; };
		F96970501CDB2B27002DB829 /* 扭1选中.png */ = {isa = PBXFileReference; lastKnownFileType = image.png; path = "扭1选中.png"; sourceTree = "<group>"; };
		F96970511CDB2B27002DB829 /* 扭2选中.png */ = {isa = PBXFileReference; lastKnownFileType = image.png; path = "扭2选中.png"; sourceTree = "<group>"; };
		F96970521CDB2B27002DB829 /* 扭3选中.png */ = {isa = PBXFileReference; lastKnownFileType = image.png; path = "扭3选中.png"; sourceTree = "<group>"; };
		F96970531CDB2B27002DB829 /* 扭4选中.png */ = {isa = PBXFileReference; lastKnownFileType = image.png; path = "扭4选中.png"; sourceTree = "<group>"; };
		F96970541CDB2B27002DB829 /* 添加图标2.png */ = {isa = PBXFileReference; lastKnownFileType = image.png; path = "添加图标2.png"; sourceTree = "<group>"; };
		F96970551CDB2B27002DB829 /* 添加页面2.png */ = {isa = PBXFileReference; lastKnownFileType = image.png; path = "添加页面2.png"; sourceTree = "<group>"; };
		F96970561CDB2B27002DB829 /* 选择图片.png */ = {isa = PBXFileReference; lastKnownFileType = image.png; path = "选择图片.png"; sourceTree = "<group>"; };
		F96970641CDB2B50002DB829 /* redo.png */ = {isa = PBXFileReference; lastKnownFileType = image.png; path = redo.png; sourceTree = "<group>"; };
		F96970651CDB2B50002DB829 /* save.png */ = {isa = PBXFileReference; lastKnownFileType = image.png; path = save.png; sourceTree = "<group>"; };
		F96970661CDB2B50002DB829 /* undo.png */ = {isa = PBXFileReference; lastKnownFileType = image.png; path = undo.png; sourceTree = "<group>"; };
		F969706A1CDB2B5D002DB829 /* cancel.png */ = {isa = PBXFileReference; lastKnownFileType = image.png; path = cancel.png; sourceTree = "<group>"; };
		F969706C1CDB2B69002DB829 /* GreenBackground.png */ = {isa = PBXFileReference; lastKnownFileType = image.png; path = GreenBackground.png; sourceTree = "<group>"; };
		F96970991CDB3866002DB829 /* opencv2.framework */ = {isa = PBXFileReference; lastKnownFileType = wrapper.framework; path = opencv2.framework; sourceTree = "<group>"; };
		F969709C1CDB38EA002DB829 /* ASValuePopUpView.h */ = {isa = PBXFileReference; fileEncoding = 4; lastKnownFileType = sourcecode.c.h; name = ASValuePopUpView.h; path = ASValueTrackingSlider/ASValuePopUpView.h; sourceTree = "<group>"; };
		F969709D1CDB38EA002DB829 /* ASValuePopUpView.m */ = {isa = PBXFileReference; fileEncoding = 4; lastKnownFileType = sourcecode.c.objc; name = ASValuePopUpView.m; path = ASValueTrackingSlider/ASValuePopUpView.m; sourceTree = "<group>"; };
		F969709E1CDB38EA002DB829 /* ASValueTrackingSlider.h */ = {isa = PBXFileReference; fileEncoding = 4; lastKnownFileType = sourcecode.c.h; name = ASValueTrackingSlider.h; path = ASValueTrackingSlider/ASValueTrackingSlider.h; sourceTree = "<group>"; };
		F969709F1CDB38EA002DB829 /* ASValueTrackingSlider.m */ = {isa = PBXFileReference; fileEncoding = 4; lastKnownFileType = sourcecode.c.objc; name = ASValueTrackingSlider.m; path = ASValueTrackingSlider/ASValueTrackingSlider.m; sourceTree = "<group>"; };
		F96970AB1CDB3A81002DB829 /* PopoverViewController.h */ = {isa = PBXFileReference; fileEncoding = 4; lastKnownFileType = sourcecode.c.h; path = PopoverViewController.h; sourceTree = "<group>"; };
		F96970AC1CDB3A81002DB829 /* PopoverViewController.m */ = {isa = PBXFileReference; fileEncoding = 4; lastKnownFileType = sourcecode.c.objc; path = PopoverViewController.m; sourceTree = "<group>"; };
		F96970AE1CDB3A97002DB829 /* ChooseButtonsPanel.h */ = {isa = PBXFileReference; fileEncoding = 4; lastKnownFileType = sourcecode.c.h; path = ChooseButtonsPanel.h; sourceTree = "<group>"; };
		F96970AF1CDB3A97002DB829 /* ChooseButtonsPanel.m */ = {isa = PBXFileReference; fileEncoding = 4; lastKnownFileType = sourcecode.c.objc; path = ChooseButtonsPanel.m; sourceTree = "<group>"; };
		F96970B01CDB3A97002DB829 /* FunctionTableBar.h */ = {isa = PBXFileReference; fileEncoding = 4; lastKnownFileType = sourcecode.c.h; path = FunctionTableBar.h; sourceTree = "<group>"; };
		F96970B11CDB3A97002DB829 /* FunctionTableBar.m */ = {isa = PBXFileReference; fileEncoding = 4; lastKnownFileType = sourcecode.c.objc; path = FunctionTableBar.m; sourceTree = "<group>"; };
/* End PBXFileReference section */

/* Begin PBXFrameworksBuildPhase section */
		F969702D1CDB1FDE002DB829 /* Frameworks */ = {
			isa = PBXFrameworksBuildPhase;
			buildActionMask = 2147483647;
			files = (
				F969709A1CDB3866002DB829 /* opencv2.framework in Frameworks */,
			);
			runOnlyForDeploymentPostprocessing = 0;
		};
/* End PBXFrameworksBuildPhase section */

/* Begin PBXGroup section */
		F96970271CDB1FDE002DB829 = {
			isa = PBXGroup;
			children = (
				F969709B1CDB38B3002DB829 /* ASValueTrackingSlider */,
				F96970991CDB3866002DB829 /* opencv2.framework */,
				F96970321CDB1FDE002DB829 /* OneColor */,
				F96970311CDB1FDE002DB829 /* Products */,
			);
			sourceTree = "<group>";
		};
		F96970311CDB1FDE002DB829 /* Products */ = {
			isa = PBXGroup;
			children = (
				F96970301CDB1FDE002DB829 /* OneColor.app */,
			);
			name = Products;
			sourceTree = "<group>";
		};
		F96970321CDB1FDE002DB829 /* OneColor */ = {
			isa = PBXGroup;
			children = (
				F96970AE1CDB3A97002DB829 /* ChooseButtonsPanel.h */,
				F96970AF1CDB3A97002DB829 /* ChooseButtonsPanel.m */,
				F96970B01CDB3A97002DB829 /* FunctionTableBar.h */,
				F96970B11CDB3A97002DB829 /* FunctionTableBar.m */,
				F96970AB1CDB3A81002DB829 /* PopoverViewController.h */,
				F96970AC1CDB3A81002DB829 /* PopoverViewController.m */,
				F96970361CDB1FDE002DB829 /* AppDelegate.h */,
				F96970371CDB1FDE002DB829 /* AppDelegate.m */,
				F96970391CDB1FDE002DB829 /* ViewController.h */,
				F969703A1CDB1FDE002DB829 /* ViewController.mm */,
				F969703C1CDB1FDE002DB829 /* Main.storyboard */,
				F969703F1CDB1FDE002DB829 /* Assets.xcassets */,
				F96970411CDB1FDE002DB829 /* LaunchScreen.storyboard */,
				F96970441CDB1FDE002DB829 /* Info.plist */,
				F96970331CDB1FDE002DB829 /* Supporting Files */,
			);
			path = OneColor;
			sourceTree = "<group>";
		};
		F96970331CDB1FDE002DB829 /* Supporting Files */ = {
			isa = PBXGroup;
			children = (
				F969704A1CDB2B27002DB829 /* 初始页.jpg */,
				F969704B1CDB2B27002DB829 /* 关于.png */,
				F969704C1CDB2B27002DB829 /* 加号.png */,
				F969704D1CDB2B27002DB829 /* 减号.png */,
				F969704E1CDB2B27002DB829 /* 拉条1.png */,
				F969704F1CDB2B27002DB829 /* 拉条2.png */,
				F96970501CDB2B27002DB829 /* 扭1选中.png */,
				F96970511CDB2B27002DB829 /* 扭2选中.png */,
				F96970521CDB2B27002DB829 /* 扭3选中.png */,
				F96970531CDB2B27002DB829 /* 扭4选中.png */,
				F96970541CDB2B27002DB829 /* 添加图标2.png */,
				F96970551CDB2B27002DB829 /* 添加页面2.png */,
				F96970561CDB2B27002DB829 /* 选择图片.png */,
				F96970641CDB2B50002DB829 /* redo.png */,
				F96970651CDB2B50002DB829 /* save.png */,
				F96970661CDB2B50002DB829 /* undo.png */,
				F969706A1CDB2B5D002DB829 /* cancel.png */,
				F969706C1CDB2B69002DB829 /* GreenBackground.png */,
				F96970341CDB1FDE002DB829 /* main.m */,
			);
			name = "Supporting Files";
			sourceTree = "<group>";
		};
		F969709B1CDB38B3002DB829 /* ASValueTrackingSlider */ = {
			isa = PBXGroup;
			children = (
				F969709C1CDB38EA002DB829 /* ASValuePopUpView.h */,
				F969709D1CDB38EA002DB829 /* ASValuePopUpView.m */,
				F969709E1CDB38EA002DB829 /* ASValueTrackingSlider.h */,
				F969709F1CDB38EA002DB829 /* ASValueTrackingSlider.m */,
			);
			name = ASValueTrackingSlider;
			sourceTree = "<group>";
		};
/* End PBXGroup section */

/* Begin PBXNativeTarget section */
		F969702F1CDB1FDE002DB829 /* OneColor */ = {
			isa = PBXNativeTarget;
			buildConfigurationList = F96970471CDB1FDE002DB829 /* Build configuration list for PBXNativeTarget "OneColor" */;
			buildPhases = (
				F969702C1CDB1FDE002DB829 /* Sources */,
				F969702D1CDB1FDE002DB829 /* Frameworks */,
				F969702E1CDB1FDE002DB829 /* Resources */,
			);
			buildRules = (
			);
			dependencies = (
			);
			name = OneColor;
			productName = OneColor;
			productReference = F96970301CDB1FDE002DB829 /* OneColor.app */;
			productType = "com.apple.product-type.application";
		};
/* End PBXNativeTarget section */

/* Begin PBXProject section */
		F96970281CDB1FDE002DB829 /* Project object */ = {
			isa = PBXProject;
			attributes = {
				LastUpgradeCheck = 0730;
				ORGANIZATIONNAME = hwp;
				TargetAttributes = {
					F969702F1CDB1FDE002DB829 = {
						CreatedOnToolsVersion = 7.3;
					};
				};
			};
			buildConfigurationList = F969702B1CDB1FDE002DB829 /* Build configuration list for PBXProject "OneColor" */;
			compatibilityVersion = "Xcode 3.2";
			developmentRegion = English;
			hasScannedForEncodings = 0;
			knownRegions = (
				en,
				Base,
			);
			mainGroup = F96970271CDB1FDE002DB829;
			productRefGroup = F96970311CDB1FDE002DB829 /* Products */;
			projectDirPath = "";
			projectRoot = "";
			targets = (
				F969702F1CDB1FDE002DB829 /* OneColor */,
			);
		};
/* End PBXProject section */

/* Begin PBXResourcesBuildPhase section */
		F969702E1CDB1FDE002DB829 /* Resources */ = {
			isa = PBXResourcesBuildPhase;
			buildActionMask = 2147483647;
			files = (
				F96970581CDB2B27002DB829 /* 关于.png in Resources */,
				F969705D1CDB2B27002DB829 /* 扭1选中.png in Resources */,
				F96970681CDB2B50002DB829 /* save.png in Resources */,
				F969706B1CDB2B5D002DB829 /* cancel.png in Resources */,
				F96970631CDB2B27002DB829 /* 选择图片.png in Resources */,
				F96970621CDB2B27002DB829 /* 添加页面2.png in Resources */,
				F96970601CDB2B27002DB829 /* 扭4选中.png in Resources */,
				F96970431CDB1FDE002DB829 /* LaunchScreen.storyboard in Resources */,
				F96970591CDB2B27002DB829 /* 加号.png in Resources */,
				F969705C1CDB2B27002DB829 /* 拉条2.png in Resources */,
				F96970611CDB2B27002DB829 /* 添加图标2.png in Resources */,
				F969705F1CDB2B27002DB829 /* 扭3选中.png in Resources */,
				F96970401CDB1FDE002DB829 /* Assets.xcassets in Resources */,
				F969706D1CDB2B69002DB829 /* GreenBackground.png in Resources */,
				F96970691CDB2B50002DB829 /* undo.png in Resources */,
				F969703E1CDB1FDE002DB829 /* Main.storyboard in Resources */,
				F969705B1CDB2B27002DB829 /* 拉条1.png in Resources */,
				F96970571CDB2B27002DB829 /* 初始页.jpg in Resources */,
				F96970671CDB2B50002DB829 /* redo.png in Resources */,
				F969705A1CDB2B27002DB829 /* 减号.png in Resources */,
				F969705E1CDB2B27002DB829 /* 扭2选中.png in Resources */,
			);
			runOnlyForDeploymentPostprocessing = 0;
		};
/* End PBXResourcesBuildPhase section */

/* Begin PBXSourcesBuildPhase section */
		F969702C1CDB1FDE002DB829 /* Sources */ = {
			isa = PBXSourcesBuildPhase;
			buildActionMask = 2147483647;
			files = (
				F96970B31CDB3A97002DB829 /* FunctionTableBar.m in Sources */,
				F96970AD1CDB3A81002DB829 /* PopoverViewController.m in Sources */,
				F969703B1CDB1FDE002DB829 /* ViewController.mm in Sources */,
				F96970A01CDB38EA002DB829 /* ASValuePopUpView.m in Sources */,
				F96970A11CDB38EA002DB829 /* ASValueTrackingSlider.m in Sources */,
				F96970B21CDB3A97002DB829 /* ChooseButtonsPanel.m in Sources */,
				F96970381CDB1FDE002DB829 /* AppDelegate.m in Sources */,
				F96970351CDB1FDE002DB829 /* main.m in Sources */,
			);
			runOnlyForDeploymentPostprocessing = 0;
		};
/* End PBXSourcesBuildPhase section */

/* Begin PBXVariantGroup section */
		F969703C1CDB1FDE002DB829 /* Main.storyboard */ = {
			isa = PBXVariantGroup;
			children = (
				F969703D1CDB1FDE002DB829 /* Base */,
			);
			name = Main.storyboard;
			sourceTree = "<group>";
		};
		F96970411CDB1FDE002DB829 /* LaunchScreen.storyboard */ = {
			isa = PBXVariantGroup;
			children = (
				F96970421CDB1FDE002DB829 /* Base */,
			);
			name = LaunchScreen.storyboard;
			sourceTree = "<group>";
		};
/* End PBXVariantGroup section */

/* Begin XCBuildConfiguration section */
		F96970451CDB1FDE002DB829 /* Debug */ = {
			isa = XCBuildConfiguration;
			buildSettings = {
				ALWAYS_SEARCH_USER_PATHS = NO;
				CLANG_ANALYZER_NONNULL = YES;
				CLANG_CXX_LANGUAGE_STANDARD = "gnu++0x";
				CLANG_CXX_LIBRARY = "libc++";
				CLANG_ENABLE_MODULES = YES;
				CLANG_ENABLE_OBJC_ARC = YES;
				CLANG_WARN_BOOL_CONVERSION = YES;
				CLANG_WARN_CONSTANT_CONVERSION = YES;
				CLANG_WARN_DIRECT_OBJC_ISA_USAGE = YES_ERROR;
				CLANG_WARN_EMPTY_BODY = YES;
				CLANG_WARN_ENUM_CONVERSION = YES;
				CLANG_WARN_INT_CONVERSION = YES;
				CLANG_WARN_OBJC_ROOT_CLASS = YES_ERROR;
				CLANG_WARN_UNREACHABLE_CODE = YES;
				CLANG_WARN__DUPLICATE_METHOD_MATCH = YES;
				"CODE_SIGN_IDENTITY[sdk=iphoneos*]" = "iPhone Developer";
				COPY_PHASE_STRIP = NO;
				DEBUG_INFORMATION_FORMAT = dwarf;
				ENABLE_STRICT_OBJC_MSGSEND = YES;
				ENABLE_TESTABILITY = YES;
				GCC_C_LANGUAGE_STANDARD = gnu99;
				GCC_DYNAMIC_NO_PIC = NO;
				GCC_NO_COMMON_BLOCKS = YES;
				GCC_OPTIMIZATION_LEVEL = 0;
				GCC_PREPROCESSOR_DEFINITIONS = (
					"DEBUG=1",
					"$(inherited)",
				);
				GCC_WARN_64_TO_32_BIT_CONVERSION = YES;
				GCC_WARN_ABOUT_RETURN_TYPE = YES_ERROR;
				GCC_WARN_UNDECLARED_SELECTOR = YES;
				GCC_WARN_UNINITIALIZED_AUTOS = YES_AGGRESSIVE;
				GCC_WARN_UNUSED_FUNCTION = YES;
				GCC_WARN_UNUSED_VARIABLE = YES;
				IPHONEOS_DEPLOYMENT_TARGET = 9.3;
				MTL_ENABLE_DEBUG_INFO = YES;
				ONLY_ACTIVE_ARCH = YES;
				SDKROOT = iphoneos;
				TARGETED_DEVICE_FAMILY = "1,2";
			};
			name = Debug;
		};
		F96970461CDB1FDE002DB829 /* Release */ = {
			isa = XCBuildConfiguration;
			buildSettings = {
				ALWAYS_SEARCH_USER_PATHS = NO;
				CLANG_ANALYZER_NONNULL = YES;
				CLANG_CXX_LANGUAGE_STANDARD = "gnu++0x";
				CLANG_CXX_LIBRARY = "libc++";
				CLANG_ENABLE_MODULES = YES;
				CLANG_ENABLE_OBJC_ARC = YES;
				CLANG_WARN_BOOL_CONVERSION = YES;
				CLANG_WARN_CONSTANT_CONVERSION = YES;
				CLANG_WARN_DIRECT_OBJC_ISA_USAGE = YES_ERROR;
				CLANG_WARN_EMPTY_BODY = YES;
				CLANG_WARN_ENUM_CONVERSION = YES;
				CLANG_WARN_INT_CONVERSION = YES;
				CLANG_WARN_OBJC_ROOT_CLASS = YES_ERROR;
				CLANG_WARN_UNREACHABLE_CODE = YES;
				CLANG_WARN__DUPLICATE_METHOD_MATCH = YES;
				"CODE_SIGN_IDENTITY[sdk=iphoneos*]" = "iPhone Developer";
				COPY_PHASE_STRIP = NO;
				DEBUG_INFORMATION_FORMAT = "dwarf-with-dsym";
				ENABLE_NS_ASSERTIONS = NO;
				ENABLE_STRICT_OBJC_MSGSEND = YES;
				GCC_C_LANGUAGE_STANDARD = gnu99;
				GCC_NO_COMMON_BLOCKS = YES;
				GCC_WARN_64_TO_32_BIT_CONVERSION = YES;
				GCC_WARN_ABOUT_RETURN_TYPE = YES_ERROR;
				GCC_WARN_UNDECLARED_SELECTOR = YES;
				GCC_WARN_UNINITIALIZED_AUTOS = YES_AGGRESSIVE;
				GCC_WARN_UNUSED_FUNCTION = YES;
				GCC_WARN_UNUSED_VARIABLE = YES;
				IPHONEOS_DEPLOYMENT_TARGET = 9.3;
				MTL_ENABLE_DEBUG_INFO = NO;
				SDKROOT = iphoneos;
				TARGETED_DEVICE_FAMILY = "1,2";
				VALIDATE_PRODUCT = YES;
			};
			name = Release;
		};
		F96970481CDB1FDE002DB829 /* Debug */ = {
			isa = XCBuildConfiguration;
			buildSettings = {
				ASSETCATALOG_COMPILER_APPICON_NAME = AppIcon;
				FRAMEWORK_SEARCH_PATHS = (
					"$(inherited)",
					"$(PROJECT_DIR)",
				);
				INFOPLIST_FILE = OneColor/Info.plist;
				LD_RUNPATH_SEARCH_PATHS = "$(inherited) @executable_path/Frameworks";
				PRODUCT_BUNDLE_IDENTIFIER = hwp;
				PRODUCT_NAME = "$(TARGET_NAME)";
			};
			name = Debug;
		};
		F96970491CDB1FDE002DB829 /* Release */ = {
			isa = XCBuildConfiguration;
			buildSettings = {
				ASSETCATALOG_COMPILER_APPICON_NAME = AppIcon;
				FRAMEWORK_SEARCH_PATHS = (
					"$(inherited)",
					"$(PROJECT_DIR)",
				);
				INFOPLIST_FILE = OneColor/Info.plist;
				LD_RUNPATH_SEARCH_PATHS = "$(inherited) @executable_path/Frameworks";
				PRODUCT_BUNDLE_IDENTIFIER = hwp;
				PRODUCT_NAME = "$(TARGET_NAME)";
			};
			name = Release;
		};
/* End XCBuildConfiguration section */

/* Begin XCConfigurationList section */
		F969702B1CDB1FDE002DB829 /* Build configuration list for PBXProject "OneColor" */ = {
			isa = XCConfigurationList;
			buildConfigurations = (
				F96970451CDB1FDE002DB829 /* Debug */,
				F96970461CDB1FDE002DB829 /* Release */,
			);
			defaultConfigurationIsVisible = 0;
			defaultConfigurationName = Release;
		};
		F96970471CDB1FDE002DB829 /* Build configuration list for PBXNativeTarget "OneColor" */ = {
			isa = XCConfigurationList;
			buildConfigurations = (
				F96970481CDB1FDE002DB829 /* Debug */,
				F96970491CDB1FDE002DB829 /* Release */,
			);
			defaultConfigurationIsVisible = 0;
		};
/* End XCConfigurationList section */
	};
	rootObject = F96970281CDB1FDE002DB829 /* Project object */;
}
